
Microsoft Visual Studio Solution File, Format Version 12.00
# Visual Studio Version 17
VisualStudioVersion = 17.7.34302.85
MinimumVisualStudioVersion = 10.0.40219.1
Project("{FAE04EC0-301F-11D3-BF4B-00C04F79EFBC}") = "calculoRetangulo", "calculoRetangulo\calculoRetangulo.csproj", "{F6F205EC-22B6-4466-A1FD-46D1E2B58502}"
EndProject
Global
	GlobalSection(SolutionConfigurationPlatforms) = preSolution
		Debug|Any CPU = Debug|Any CPU
		Release|Any CPU = Release|Any CPU
	EndGlobalSection
	GlobalSection(ProjectConfigurationPlatforms) = postSolution
		{F6F205EC-22B6-4466-A1FD-46D1E2B58502}.Debug|Any CPU.ActiveCfg = Debug|Any CPU
		{F6F205EC-22B6-4466-A1FD-46D1E2B58502}.Debug|Any CPU.Build.0 = Debug|Any CPU
		{F6F205EC-22B6-4466-A1FD-46D1E2B58502}.Release|Any CPU.ActiveCfg = Release|Any CPU
		{F6F205EC-22B6-4466-A1FD-46D1E2B58502}.Release|Any CPU.Build.0 = Release|Any CPU
	EndGlobalSection
	GlobalSection(SolutionProperties) = preSolution
		HideSolutionNode = FALSE
	EndGlobalSection
	GlobalSection(ExtensibilityGlobals) = postSolution
		SolutionGuid = {CD9B305F-5031-454B-B61D-1D2ADD424D57}
	EndGlobalSection
EndGlobal
